{
  "pins" : [
    {
      "identity" : "collectionkit",
      "kind" : "remoteSourceControl",
      "location" : "https://github.com/generald/CollectionKit",
      "state" : {
        "branch" : "master",
        "revision" : "91cd3cd52a121fe4068c5f7a29f1f69b9a11550f"
      }
    },
    {
      "identity" : "defaultcodable",
      "kind" : "remoteSourceControl",
      "location" : "https://github.com/gonzalezreal/DefaultCodable",
      "state" : {
        "revision" : "b75cdb44b772cdd278ea0d029d3f079384b0d87d",
        "version" : "1.2.1"
      }
    },
    {
      "identity" : "files",
      "kind" : "remoteSourceControl",
      "location" : "https://github.com/JohnSundell/Files",
      "state" : {
        "revision" : "d273b5b7025d386feef79ef6bad7de762e106eaf",
        "version" : "4.2.0"
      }
    },
    {
      "identity" : "grdb.swift",
      "kind" : "remoteSourceControl",
      "location" : "https://github.com/groue/GRDB.swift.git",
      "state" : {
        "revision" : "e02f2c8abacff2799ed14926edcbf6e76fb9f805",
        "version" : "5.25.0"
      }
    },
    {
      "identity" : "hashkit",
      "kind" : "remoteSourceControl",
      "location" : "https://github.com/fromkk/hashkit.git",
      "state" : {
        "revision" : "8bf94c8d3e41b8ae372c46b78aec0ee711b45669",
        "version" : "1.1.0"
      }
    },
    {
      "identity" : "regex",
      "kind" : "remoteSourceControl",
      "location" : "https://github.com/crossroadlabs/Regex",
      "state" : {
        "revision" : "166728756082a9cac6e4aed3ebbce8e41cb3a945",
        "version" : "1.2.0"
      }
    },
    {
      "identity" : "swiftcli",
      "kind" : "remoteSourceControl",
      "location" : "https://github.com/jakeheis/SwiftCLI",
      "state" : {
        "revision" : "2e949055d9797c1a6bddcda0e58dada16cc8e970",
        "version" : "6.0.3"
      }
    },
    {
      "identity" : "swifthexcolors",
      "kind" : "remoteSourceControl",
      "location" : "https://github.com/thii/SwiftHEXColors.git",
      "state" : {
        "revision" : "1f886cb20fedda14a5ac75efd09bc99c95b43a18",
        "version" : "1.4.1"
      }
    },
    {
      "identity" : "swiftkeccak",
      "kind" : "remoteSourceControl",
      "location" : "https://github.com/bitflying/SwiftKeccak.git",
      "state" : {
        "revision" : "5fc323d4b08a8c77cbb690505445b32a3b5a8aff",
        "version" : "0.1.2"
      }
    },
    {
      "identity" : "yams",
      "kind" : "remoteSourceControl",
      "location" : "https://github.com/jpsim/Yams.git",
      "state" : {
        "revision" : "01835dc202670b5bb90d07f3eae41867e9ed29f6",
        "version" : "5.0.1"
      }
    }
  ],
  "version" : 2
}
